
Microsoft Visual Studio Solution File, Format Version 12.00
# Visual Studio Version 17
VisualStudioVersion = 17.4.33213.308
MinimumVisualStudioVersion = 10.0.40219.1
Project("{FAE04EC0-301F-11D3-BF4B-00C04F79EFBC}") = "RPGHeroes", "RPGHeroes.csproj", "{C622AD98-36B6-431C-9015-FE2C7E7C75C9}"
EndProject
Project("{FAE04EC0-301F-11D3-BF4B-00C04F79EFBC}") = "RPGHeroesTests", "..\RPG Heroes Tests\RPGHeroesTests.csproj", "{59EC30CD-2622-4149-8781-D112D92FDA74}"
EndProject
Global
	GlobalSection(SolutionConfigurationPlatforms) = preSolution
		Debug|Any CPU = Debug|Any CPU
		Release|Any CPU = Release|Any CPU
	EndGlobalSection
	GlobalSection(ProjectConfigurationPlatforms) = postSolution
		{C622AD98-36B6-431C-9015-FE2C7E7C75C9}.Debug|Any CPU.ActiveCfg = Debug|Any CPU
		{C622AD98-36B6-431C-9015-FE2C7E7C75C9}.Debug|Any CPU.Build.0 = Debug|Any CPU
		{C622AD98-36B6-431C-9015-FE2C7E7C75C9}.Release|Any CPU.ActiveCfg = Release|Any CPU
		{C622AD98-36B6-431C-9015-FE2C7E7C75C9}.Release|Any CPU.Build.0 = Release|Any CPU
		{59EC30CD-2622-4149-8781-D112D92FDA74}.Debug|Any CPU.ActiveCfg = Debug|Any CPU
		{59EC30CD-2622-4149-8781-D112D92FDA74}.Debug|Any CPU.Build.0 = Debug|Any CPU
		{59EC30CD-2622-4149-8781-D112D92FDA74}.Release|Any CPU.ActiveCfg = Release|Any CPU
		{59EC30CD-2622-4149-8781-D112D92FDA74}.Release|Any CPU.Build.0 = Release|Any CPU
	EndGlobalSection
	GlobalSection(SolutionProperties) = preSolution
		HideSolutionNode = FALSE
	EndGlobalSection
	GlobalSection(ExtensibilityGlobals) = postSolution
		SolutionGuid = {71D936E6-A7B6-42EA-978D-BE89E4B7517F}
	EndGlobalSection
EndGlobal
